// !$*UTF8*$!
{
	archiveVersion = 1;
	classes = {
	};
	objectVersion = 45;
	objects = {

/* Begin PBXAggregateTarget section */
		C2C542E50FFA8FC6005ADEF3 /* SweetCatcher.dmg */ = {
			isa = PBXAggregateTarget;
			buildConfigurationList = C2C542E80FFA8FE4005ADEF3 /* Build configuration list for PBXAggregateTarget "SweetCatcher.dmg" */;
			buildPhases = (
				C2C542E40FFA8FC6005ADEF3 /* ShellScript */,
			);
			dependencies = (
			);
			name = SweetCatcher.dmg;
			productName = SweetCatcher.dmg;
		};
/* End PBXAggregateTarget section */

/* Begin PBXBuildFile section */
		8D11072B0486CEB800E47090 /* InfoPlist.strings in Resources */ = {isa = PBXBuildFile; fileRef = 089C165CFE840E0CC02AAC07 /* InfoPlist.strings */; };
		8D11072D0486CEB800E47090 /* main.m in Sources */ = {isa = PBXBuildFile; fileRef = 29B97316FDCFA39411CA2CEA /* main.m */; settings = {ATTRIBUTES = (); }; };
		8D11072F0486CEB800E47090 /* Cocoa.framework in Frameworks */ = {isa = PBXBuildFile; fileRef = 1058C7A1FEA54F0111CA2CBB /* Cocoa.framework */; };
		C2C5428E0FFA8C3A005ADEF3 /* ContactList.m in Sources */ = {isa = PBXBuildFile; fileRef = C2C5428B0FFA8C3A005ADEF3 /* ContactList.m */; };
		C2C5428F0FFA8C3A005ADEF3 /* SkypeController.m in Sources */ = {isa = PBXBuildFile; fileRef = C2C5428D0FFA8C3A005ADEF3 /* SkypeController.m */; };
		C2C542930FFA8C63005ADEF3 /* h5_128.icns in Resources */ = {isa = PBXBuildFile; fileRef = C2C542900FFA8C63005ADEF3 /* h5_128.icns */; };
		C2C542940FFA8C63005ADEF3 /* offline.png in Resources */ = {isa = PBXBuildFile; fileRef = C2C542910FFA8C63005ADEF3 /* offline.png */; };
		C2C542950FFA8C63005ADEF3 /* online.png in Resources */ = {isa = PBXBuildFile; fileRef = C2C542920FFA8C63005ADEF3 /* online.png */; };
		C2C542970FFA8CA0005ADEF3 /* Skype.framework in Frameworks */ = {isa = PBXBuildFile; fileRef = C2C542960FFA8CA0005ADEF3 /* Skype.framework */; };
		C2C542A00FFA8D14005ADEF3 /* Skype.framework in CopyFiles */ = {isa = PBXBuildFile; fileRef = C2C542960FFA8CA0005ADEF3 /* Skype.framework */; };
		C2C542A50FFA8DD5005ADEF3 /* MainMenu.nib in Resources */ = {isa = PBXBuildFile; fileRef = C2C542A30FFA8DD5005ADEF3 /* MainMenu.nib */; };
/* End PBXBuildFile section */

/* Begin PBXCopyFilesBuildPhase section */
		C2C5429B0FFA8CEC005ADEF3 /* CopyFiles */ = {
			isa = PBXCopyFilesBuildPhase;
			buildActionMask = 2147483647;
			dstPath = "";
			dstSubfolderSpec = 10;
			files = (
				C2C542A00FFA8D14005ADEF3 /* Skype.framework in CopyFiles */,
			);
			runOnlyForDeploymentPostprocessing = 0;
		};
/* End PBXCopyFilesBuildPhase section */

/* Begin PBXFileReference section */
		089C165DFE840E0CC02AAC07 /* English */ = {isa = PBXFileReference; fileEncoding = 10; lastKnownFileType = text.plist.strings; name = English; path = English.lproj/InfoPlist.strings; sourceTree = "<group>"; };
		1058C7A1FEA54F0111CA2CBB /* Cocoa.framework */ = {isa = PBXFileReference; lastKnownFileType = wrapper.framework; name = Cocoa.framework; path = /System/Library/Frameworks/Cocoa.framework; sourceTree = "<absolute>"; };
		13E42FB307B3F0F600E4EEF1 /* CoreData.framework */ = {isa = PBXFileReference; lastKnownFileType = wrapper.framework; name = CoreData.framework; path = /System/Library/Frameworks/CoreData.framework; sourceTree = "<absolute>"; };
		29B97316FDCFA39411CA2CEA /* main.m */ = {isa = PBXFileReference; fileEncoding = 4; lastKnownFileType = sourcecode.c.objc; path = main.m; sourceTree = "<group>"; };
		29B97324FDCFA39411CA2CEA /* AppKit.framework */ = {isa = PBXFileReference; lastKnownFileType = wrapper.framework; name = AppKit.framework; path = /System/Library/Frameworks/AppKit.framework; sourceTree = "<absolute>"; };
		29B97325FDCFA39411CA2CEA /* Foundation.framework */ = {isa = PBXFileReference; lastKnownFileType = wrapper.framework; name = Foundation.framework; path = /System/Library/Frameworks/Foundation.framework; sourceTree = "<absolute>"; };
		32CA4F630368D1EE00C91783 /* SweetCatcher_Prefix.pch */ = {isa = PBXFileReference; fileEncoding = 4; lastKnownFileType = sourcecode.c.h; path = SweetCatcher_Prefix.pch; sourceTree = "<group>"; };
		8D1107320486CEB800E47090 /* SweetCatcher.app */ = {isa = PBXFileReference; explicitFileType = wrapper.application; includeInIndex = 0; path = SweetCatcher.app; sourceTree = BUILT_PRODUCTS_DIR; };
		C2C5428A0FFA8C3A005ADEF3 /* ContactList.h */ = {isa = PBXFileReference; fileEncoding = 4; lastKnownFileType = sourcecode.c.h; path = ContactList.h; sourceTree = "<group>"; };
		C2C5428B0FFA8C3A005ADEF3 /* ContactList.m */ = {isa = PBXFileReference; fileEncoding = 4; lastKnownFileType = sourcecode.c.objc; path = ContactList.m; sourceTree = "<group>"; };
		C2C5428C0FFA8C3A005ADEF3 /* SkypeController.h */ = {isa = PBXFileReference; fileEncoding = 4; lastKnownFileType = sourcecode.c.h; path = SkypeController.h; sourceTree = "<group>"; };
		C2C5428D0FFA8C3A005ADEF3 /* SkypeController.m */ = {isa = PBXFileReference; fileEncoding = 4; lastKnownFileType = sourcecode.c.objc; path = SkypeController.m; sourceTree = "<group>"; };
		C2C542900FFA8C63005ADEF3 /* h5_128.icns */ = {isa = PBXFileReference; lastKnownFileType = image.icns; path = h5_128.icns; sourceTree = "<group>"; };
		C2C542910FFA8C63005ADEF3 /* offline.png */ = {isa = PBXFileReference; lastKnownFileType = image.png; path = offline.png; sourceTree = "<group>"; };
		C2C542920FFA8C63005ADEF3 /* online.png */ = {isa = PBXFileReference; lastKnownFileType = image.png; path = online.png; sourceTree = "<group>"; };
		C2C542960FFA8CA0005ADEF3 /* Skype.framework */ = {isa = PBXFileReference; lastKnownFileType = wrapper.framework; path = Skype.framework; sourceTree = "<group>"; };
		C2C542A40FFA8DD5005ADEF3 /* English */ = {isa = PBXFileReference; lastKnownFileType = wrapper.nib; name = English; path = English.lproj/MainMenu.nib; sourceTree = "<group>"; };
		C2C542A60FFA8DF7005ADEF3 /* Info.plist */ = {isa = PBXFileReference; fileEncoding = 4; lastKnownFileType = text.plist.xml; path = Info.plist; sourceTree = "<group>"; };
/* End PBXFileReference section */

/* Begin PBXFrameworksBuildPhase section */
		8D11072E0486CEB800E47090 /* Frameworks */ = {
			isa = PBXFrameworksBuildPhase;
			buildActionMask = 2147483647;
			files = (
				8D11072F0486CEB800E47090 /* Cocoa.framework in Frameworks */,
				C2C542970FFA8CA0005ADEF3 /* Skype.framework in Frameworks */,
			);
			runOnlyForDeploymentPostprocessing = 0;
		};
/* End PBXFrameworksBuildPhase section */

/* Begin PBXGroup section */
		080E96DDFE201D6D7F000001 /* Classes */ = {
			isa = PBXGroup;
			children = (
				C2C5428A0FFA8C3A005ADEF3 /* ContactList.h */,
				C2C5428B0FFA8C3A005ADEF3 /* ContactList.m */,
				C2C5428C0FFA8C3A005ADEF3 /* SkypeController.h */,
				C2C5428D0FFA8C3A005ADEF3 /* SkypeController.m */,
			);
			name = Classes;
			sourceTree = "<group>";
		};
		1058C7A0FEA54F0111CA2CBB /* Linked Frameworks */ = {
			isa = PBXGroup;
			children = (
				C2C542960FFA8CA0005ADEF3 /* Skype.framework */,
				1058C7A1FEA54F0111CA2CBB /* Cocoa.framework */,
			);
			name = "Linked Frameworks";
			sourceTree = "<group>";
		};
		1058C7A2FEA54F0111CA2CBB /* Other Frameworks */ = {
			isa = PBXGroup;
			children = (
				29B97324FDCFA39411CA2CEA /* AppKit.framework */,
				13E42FB307B3F0F600E4EEF1 /* CoreData.framework */,
				29B97325FDCFA39411CA2CEA /* Foundation.framework */,
			);
			name = "Other Frameworks";
			sourceTree = "<group>";
		};
		19C28FACFE9D520D11CA2CBB /* Products */ = {
			isa = PBXGroup;
			children = (
				8D1107320486CEB800E47090 /* SweetCatcher.app */,
			);
			name = Products;
			sourceTree = "<group>";
		};
		29B97314FDCFA39411CA2CEA /* SweetCatcher */ = {
			isa = PBXGroup;
			children = (
				080E96DDFE201D6D7F000001 /* Classes */,
				29B97315FDCFA39411CA2CEA /* Other Sources */,
				29B97317FDCFA39411CA2CEA /* Resources */,
				29B97323FDCFA39411CA2CEA /* Frameworks */,
				19C28FACFE9D520D11CA2CBB /* Products */,
			);
			name = SweetCatcher;
			sourceTree = "<group>";
		};
		29B97315FDCFA39411CA2CEA /* Other Sources */ = {
			isa = PBXGroup;
			children = (
				32CA4F630368D1EE00C91783 /* SweetCatcher_Prefix.pch */,
				29B97316FDCFA39411CA2CEA /* main.m */,
			);
			name = "Other Sources";
			sourceTree = "<group>";
		};
		29B97317FDCFA39411CA2CEA /* Resources */ = {
			isa = PBXGroup;
			children = (
				C2C542A60FFA8DF7005ADEF3 /* Info.plist */,
				C2C542A30FFA8DD5005ADEF3 /* MainMenu.nib */,
				C2C542900FFA8C63005ADEF3 /* h5_128.icns */,
				C2C542910FFA8C63005ADEF3 /* offline.png */,
				C2C542920FFA8C63005ADEF3 /* online.png */,
				089C165CFE840E0CC02AAC07 /* InfoPlist.strings */,
			);
			name = Resources;
			sourceTree = "<group>";
		};
		29B97323FDCFA39411CA2CEA /* Frameworks */ = {
			isa = PBXGroup;
			children = (
				1058C7A0FEA54F0111CA2CBB /* Linked Frameworks */,
				1058C7A2FEA54F0111CA2CBB /* Other Frameworks */,
			);
			name = Frameworks;
			sourceTree = "<group>";
		};
/* End PBXGroup section */

/* Begin PBXNativeTarget section */
		8D1107260486CEB800E47090 /* SweetCatcher */ = {
			isa = PBXNativeTarget;
			buildConfigurationList = C01FCF4A08A954540054247B /* Build configuration list for PBXNativeTarget "SweetCatcher" */;
			buildPhases = (
				8D1107290486CEB800E47090 /* Resources */,
				8D11072C0486CEB800E47090 /* Sources */,
				8D11072E0486CEB800E47090 /* Frameworks */,
				C2C5429B0FFA8CEC005ADEF3 /* CopyFiles */,
			);
			buildRules = (
			);
			dependencies = (
			);
			name = SweetCatcher;
			productInstallPath = "$(HOME)/Applications";
			productName = SweetCatcher;
			productReference = 8D1107320486CEB800E47090 /* SweetCatcher.app */;
			productType = "com.apple.product-type.application";
		};
/* End PBXNativeTarget section */

/* Begin PBXProject section */
		29B97313FDCFA39411CA2CEA /* Project object */ = {
			isa = PBXProject;
			buildConfigurationList = C01FCF4E08A954540054247B /* Build configuration list for PBXProject "SweetCatcher" */;
			compatibilityVersion = "Xcode 3.1";
			hasScannedForEncodings = 1;
			mainGroup = 29B97314FDCFA39411CA2CEA /* SweetCatcher */;
			projectDirPath = "";
			projectRoot = "";
			targets = (
				8D1107260486CEB800E47090 /* SweetCatcher */,
				C2C542E50FFA8FC6005ADEF3 /* SweetCatcher.dmg */,
			);
		};
/* End PBXProject section */

/* Begin PBXResourcesBuildPhase section */
		8D1107290486CEB800E47090 /* Resources */ = {
			isa = PBXResourcesBuildPhase;
			buildActionMask = 2147483647;
			files = (
				8D11072B0486CEB800E47090 /* InfoPlist.strings in Resources */,
				C2C542930FFA8C63005ADEF3 /* h5_128.icns in Resources */,
				C2C542940FFA8C63005ADEF3 /* offline.png in Resources */,
				C2C542950FFA8C63005ADEF3 /* online.png in Resources */,
				C2C542A50FFA8DD5005ADEF3 /* MainMenu.nib in Resources */,
			);
			runOnlyForDeploymentPostprocessing = 0;
		};
/* End PBXResourcesBuildPhase section */

/* Begin PBXShellScriptBuildPhase section */
		C2C542E40FFA8FC6005ADEF3 /* ShellScript */ = {
			isa = PBXShellScriptBuildPhase;
			buildActionMask = 2147483647;
			files = (
			);
			inputPaths = (
				"$(SRCROOT)/$(BUILT_PRODUCTS_DIR)/$(PROJECT_NAME).app",
			);
			outputPaths = (
				"$(DERIVED_FILE_DIR)/$(BUILT_PRODUCTS_DIR)/$(PROJECT_NAME).dmg",
			);
			runOnlyForDeploymentPostprocessing = 0;
			shellPath = /bin/sh;
			shellScript = "set -ex\n\n[ \"$ACTION\" = build ] || exit 0\n[ \"$BUILD_VARIANTS\" = \"normal\" ] || exit 0\n\ndir=\"$TEMP_FILES_DIR/disk\"\ndmg=\"$BUILT_PRODUCTS_DIR/$PROJECT_NAME.dmg\"\n\nrm -rf \"$dir\"\nmkdir \"$dir\"\ncp -R \"$BUILT_PRODUCTS_DIR/$PROJECT_NAME.app\" \"$dir\"\nln -s /Applications \"$dir\"\nrm -f \"$dmg\"\nhdiutil create -srcfolder \"$dir\" -volname \"$PROJECT_NAME\" \"$dmg\"\nhdiutil internet-enable -yes \"$dmg\"\nrm -rf \"$dir\"";
		};
/* End PBXShellScriptBuildPhase section */

/* Begin PBXSourcesBuildPhase section */
		8D11072C0486CEB800E47090 /* Sources */ = {
			isa = PBXSourcesBuildPhase;
			buildActionMask = 2147483647;
			files = (
				8D11072D0486CEB800E47090 /* main.m in Sources */,
				C2C5428E0FFA8C3A005ADEF3 /* ContactList.m in Sources */,
				C2C5428F0FFA8C3A005ADEF3 /* SkypeController.m in Sources */,
			);
			runOnlyForDeploymentPostprocessing = 0;
		};
/* End PBXSourcesBuildPhase section */

/* Begin PBXVariantGroup section */
		089C165CFE840E0CC02AAC07 /* InfoPlist.strings */ = {
			isa = PBXVariantGroup;
			children = (
				089C165DFE840E0CC02AAC07 /* English */,
			);
			name = InfoPlist.strings;
			sourceTree = "<group>";
		};
		C2C542A30FFA8DD5005ADEF3 /* MainMenu.nib */ = {
			isa = PBXVariantGroup;
			children = (
				C2C542A40FFA8DD5005ADEF3 /* English */,
			);
			name = MainMenu.nib;
			sourceTree = "<group>";
		};
/* End PBXVariantGroup section */

/* Begin XCBuildConfiguration section */
		C01FCF4B08A954540054247B /* Debug */ = {
			isa = XCBuildConfiguration;
			buildSettings = {
				ALWAYS_SEARCH_USER_PATHS = NO;
				COPY_PHASE_STRIP = NO;
				FRAMEWORK_SEARCH_PATHS = (
					"$(inherited)",
					"\"$(SRCROOT)\"",
				);
				GCC_DYNAMIC_NO_PIC = NO;
				GCC_ENABLE_FIX_AND_CONTINUE = YES;
				GCC_MODEL_TUNING = G5;
				GCC_OPTIMIZATION_LEVEL = 0;
				GCC_PRECOMPILE_PREFIX_HEADER = YES;
				GCC_PREFIX_HEADER = SweetCatcher_Prefix.pch;
				INFOPLIST_FILE = Info.plist;
				INSTALL_PATH = "$(HOME)/Applications";
				PRODUCT_NAME = SweetCatcher;
			};
			name = Debug;
		};
		C01FCF4C08A954540054247B /* Release */ = {
			isa = XCBuildConfiguration;
			buildSettings = {
				ALWAYS_SEARCH_USER_PATHS = NO;
				DEBUG_INFORMATION_FORMAT = "dwarf-with-dsym";
				FRAMEWORK_SEARCH_PATHS = (
					"$(inherited)",
					"\"$(SRCROOT)\"",
				);
				GCC_MODEL_TUNING = G5;
				GCC_PRECOMPILE_PREFIX_HEADER = YES;
				GCC_PREFIX_HEADER = SweetCatcher_Prefix.pch;
				INFOPLIST_FILE = Info.plist;
				INSTALL_PATH = "$(HOME)/Applications";
				PRODUCT_NAME = SweetCatcher;
			};
			name = Release;
		};
		C01FCF4F08A954540054247B /* Debug */ = {
			isa = XCBuildConfiguration;
			buildSettings = {
				ARCHS = "$(ARCHS_STANDARD_32_BIT)";
				GCC_C_LANGUAGE_STANDARD = c99;
				GCC_OPTIMIZATION_LEVEL = 0;
				GCC_WARN_ABOUT_RETURN_TYPE = YES;
				GCC_WARN_UNUSED_VARIABLE = YES;
				ONLY_ACTIVE_ARCH = YES;
				PREBINDING = NO;
				SDKROOT = macosx10.5;
			};
			name = Debug;
		};
		C01FCF5008A954540054247B /* Release */ = {
			isa = XCBuildConfiguration;
			buildSettings = {
				ARCHS = "$(ARCHS_STANDARD_32_BIT)";
				GCC_C_LANGUAGE_STANDARD = c99;
				GCC_WARN_ABOUT_RETURN_TYPE = YES;
				GCC_WARN_UNUSED_VARIABLE = YES;
				PREBINDING = NO;
				SDKROOT = macosx10.5;
			};
			name = Release;
		};
		C2C542E60FFA8FC6005ADEF3 /* Debug */ = {
			isa = XCBuildConfiguration;
			buildSettings = {
				COPY_PHASE_STRIP = NO;
				GCC_DYNAMIC_NO_PIC = NO;
				GCC_OPTIMIZATION_LEVEL = 0;
				PRODUCT_NAME = SweetCatcher.dmg;
			};
			name = Debug;
		};
		C2C542E70FFA8FC6005ADEF3 /* Release */ = {
			isa = XCBuildConfiguration;
			buildSettings = {
				COPY_PHASE_STRIP = YES;
				DEBUG_INFORMATION_FORMAT = "dwarf-with-dsym";
				GCC_ENABLE_FIX_AND_CONTINUE = NO;
				PRODUCT_NAME = SweetCatcher.dmg;
				ZERO_LINK = NO;
			};
			name = Release;
		};
/* End XCBuildConfiguration section */

/* Begin XCConfigurationList section */
		C01FCF4A08A954540054247B /* Build configuration list for PBXNativeTarget "SweetCatcher" */ = {
			isa = XCConfigurationList;
			buildConfigurations = (
				C01FCF4B08A954540054247B /* Debug */,
				C01FCF4C08A954540054247B /* Release */,
			);
			defaultConfigurationIsVisible = 0;
			defaultConfigurationName = Release;
		};
		C01FCF4E08A954540054247B /* Build configuration list for PBXProject "SweetCatcher" */ = {
			isa = XCConfigurationList;
			buildConfigurations = (
				C01FCF4F08A954540054247B /* Debug */,
				C01FCF5008A954540054247B /* Release */,
			);
			defaultConfigurationIsVisible = 0;
			defaultConfigurationName = Release;
		};
		C2C542E80FFA8FE4005ADEF3 /* Build configuration list for PBXAggregateTarget "SweetCatcher.dmg" */ = {
			isa = XCConfigurationList;
			buildConfigurations = (
				C2C542E60FFA8FC6005ADEF3 /* Debug */,
				C2C542E70FFA8FC6005ADEF3 /* Release */,
			);
			defaultConfigurationIsVisible = 0;
			defaultConfigurationName = Release;
		};
/* End XCConfigurationList section */
	};
	rootObject = 29B97313FDCFA39411CA2CEA /* Project object */;
}
